// !$*UTF8*$!
{
	archiveVersion = 1;
	classes = {
	};
	objectVersion = 50;
	objects = {

/* Begin PBXBuildFile section */
		045E87122411C111009D4A34 /* DB_Montecristo.db in Resources */ = {isa = PBXBuildFile; fileRef = 045E87112411C111009D4A34 /* DB_Montecristo.db */; };
		045E87142411D24A009D4A34 /* Manager.swift in Sources */ = {isa = PBXBuildFile; fileRef = 045E87132411D24A009D4A34 /* Manager.swift */; };
		045E87172411D362009D4A34 /* libsqlite3.tbd in Frameworks */ = {isa = PBXBuildFile; fileRef = 045E87162411D356009D4A34 /* libsqlite3.tbd */; };
		045E87262411D5FE009D4A34 /* FMDatabasePool.m in Sources */ = {isa = PBXBuildFile; fileRef = 045E871C2411D5FE009D4A34 /* FMDatabasePool.m */; };
		045E87272411D5FE009D4A34 /* FMResultSet.m in Sources */ = {isa = PBXBuildFile; fileRef = 045E87202411D5FE009D4A34 /* FMResultSet.m */; };
		045E87282411D5FE009D4A34 /* FMDatabase.m in Sources */ = {isa = PBXBuildFile; fileRef = 045E87212411D5FE009D4A34 /* FMDatabase.m */; };
		045E87292411D5FE009D4A34 /* Info.plist in Resources */ = {isa = PBXBuildFile; fileRef = 045E87232411D5FE009D4A34 /* Info.plist */; };
		045E872A2411D5FE009D4A34 /* FMDatabaseQueue.m in Sources */ = {isa = PBXBuildFile; fileRef = 045E87242411D5FE009D4A34 /* FMDatabaseQueue.m */; };
		045E872B2411D5FE009D4A34 /* FMDatabaseAdditions.m in Sources */ = {isa = PBXBuildFile; fileRef = 045E87252411D5FE009D4A34 /* FMDatabaseAdditions.m */; };
		04811E3F240745B100997C9C /* AppDelegate.swift in Sources */ = {isa = PBXBuildFile; fileRef = 04811E3E240745B100997C9C /* AppDelegate.swift */; };
		04811E41240745B100997C9C /* SceneDelegate.swift in Sources */ = {isa = PBXBuildFile; fileRef = 04811E40240745B100997C9C /* SceneDelegate.swift */; };
		04811E43240745B100997C9C /* ViewController.swift in Sources */ = {isa = PBXBuildFile; fileRef = 04811E42240745B100997C9C /* ViewController.swift */; };
		04811E46240745B100997C9C /* Main.storyboard in Resources */ = {isa = PBXBuildFile; fileRef = 04811E44240745B100997C9C /* Main.storyboard */; };
		04811E48240745B200997C9C /* Assets.xcassets in Resources */ = {isa = PBXBuildFile; fileRef = 04811E47240745B200997C9C /* Assets.xcassets */; };
		04811E4B240745B200997C9C /* LaunchScreen.storyboard in Resources */ = {isa = PBXBuildFile; fileRef = 04811E49240745B200997C9C /* LaunchScreen.storyboard */; };
		04D88816241ACA81007FDCDF /* Cliente.swift in Sources */ = {isa = PBXBuildFile; fileRef = 04D88815241ACA81007FDCDF /* Cliente.swift */; };
		04D88820241ACDEE007FDCDF /* RegisterController.swift in Sources */ = {isa = PBXBuildFile; fileRef = 04D8881F241ACDEE007FDCDF /* RegisterController.swift */; };
		04D88822241AD2D5007FDCDF /* InicioController.swift in Sources */ = {isa = PBXBuildFile; fileRef = 04D88821241AD2D5007FDCDF /* InicioController.swift */; };
/* End PBXBuildFile section */

/* Begin PBXFileReference section */
		045E87112411C111009D4A34 /* DB_Montecristo.db */ = {isa = PBXFileReference; lastKnownFileType = file; path = DB_Montecristo.db; sourceTree = "<group>"; };
		045E87132411D24A009D4A34 /* Manager.swift */ = {isa = PBXFileReference; lastKnownFileType = sourcecode.swift; path = Manager.swift; sourceTree = "<group>"; };
		045E87162411D356009D4A34 /* libsqlite3.tbd */ = {isa = PBXFileReference; lastKnownFileType = "sourcecode.text-based-dylib-definition"; name = libsqlite3.tbd; path = usr/lib/libsqlite3.tbd; sourceTree = SDKROOT; };
		045E87192411D5FD009D4A34 /* Montecristo_club-Bridging-Header.h */ = {isa = PBXFileReference; lastKnownFileType = sourcecode.c.h; path = "Montecristo_club-Bridging-Header.h"; sourceTree = "<group>"; };
		045E871A2411D5FE009D4A34 /* FMDatabase.h */ = {isa = PBXFileReference; fileEncoding = 4; lastKnownFileType = sourcecode.c.h; path = FMDatabase.h; sourceTree = "<group>"; };
		045E871B2411D5FE009D4A34 /* FMDatabaseAdditions.h */ = {isa = PBXFileReference; fileEncoding = 4; lastKnownFileType = sourcecode.c.h; path = FMDatabaseAdditions.h; sourceTree = "<group>"; };
		045E871C2411D5FE009D4A34 /* FMDatabasePool.m */ = {isa = PBXFileReference; fileEncoding = 4; lastKnownFileType = sourcecode.c.objc; path = FMDatabasePool.m; sourceTree = "<group>"; };
		045E871D2411D5FE009D4A34 /* FMDatabaseQueue.h */ = {isa = PBXFileReference; fileEncoding = 4; lastKnownFileType = sourcecode.c.h; path = FMDatabaseQueue.h; sourceTree = "<group>"; };
		045E871E2411D5FE009D4A34 /* FMResultSet.h */ = {isa = PBXFileReference; fileEncoding = 4; lastKnownFileType = sourcecode.c.h; path = FMResultSet.h; sourceTree = "<group>"; };
		045E871F2411D5FE009D4A34 /* FMDB.h */ = {isa = PBXFileReference; fileEncoding = 4; lastKnownFileType = sourcecode.c.h; path = FMDB.h; sourceTree = "<group>"; };
		045E87202411D5FE009D4A34 /* FMResultSet.m */ = {isa = PBXFileReference; fileEncoding = 4; lastKnownFileType = sourcecode.c.objc; path = FMResultSet.m; sourceTree = "<group>"; };
		045E87212411D5FE009D4A34 /* FMDatabase.m */ = {isa = PBXFileReference; fileEncoding = 4; lastKnownFileType = sourcecode.c.objc; path = FMDatabase.m; sourceTree = "<group>"; };
		045E87222411D5FE009D4A34 /* FMDatabasePool.h */ = {isa = PBXFileReference; fileEncoding = 4; lastKnownFileType = sourcecode.c.h; path = FMDatabasePool.h; sourceTree = "<group>"; };
		045E87232411D5FE009D4A34 /* Info.plist */ = {isa = PBXFileReference; fileEncoding = 4; lastKnownFileType = text.plist.xml; path = Info.plist; sourceTree = "<group>"; };
		045E87242411D5FE009D4A34 /* FMDatabaseQueue.m */ = {isa = PBXFileReference; fileEncoding = 4; lastKnownFileType = sourcecode.c.objc; path = FMDatabaseQueue.m; sourceTree = "<group>"; };
		045E87252411D5FE009D4A34 /* FMDatabaseAdditions.m */ = {isa = PBXFileReference; fileEncoding = 4; lastKnownFileType = sourcecode.c.objc; path = FMDatabaseAdditions.m; sourceTree = "<group>"; };
		04811E3B240745B100997C9C /* Montecristo_club.app */ = {isa = PBXFileReference; explicitFileType = wrapper.application; includeInIndex = 0; path = Montecristo_club.app; sourceTree = BUILT_PRODUCTS_DIR; };
		04811E3E240745B100997C9C /* AppDelegate.swift */ = {isa = PBXFileReference; lastKnownFileType = sourcecode.swift; path = AppDelegate.swift; sourceTree = "<group>"; };
		04811E40240745B100997C9C /* SceneDelegate.swift */ = {isa = PBXFileReference; lastKnownFileType = sourcecode.swift; path = SceneDelegate.swift; sourceTree = "<group>"; };
		04811E42240745B100997C9C /* ViewController.swift */ = {isa = PBXFileReference; lastKnownFileType = sourcecode.swift; path = ViewController.swift; sourceTree = "<group>"; };
		04811E45240745B100997C9C /* Base */ = {isa = PBXFileReference; lastKnownFileType = file.storyboard; name = Base; path = Base.lproj/Main.storyboard; sourceTree = "<group>"; };
		04811E47240745B200997C9C /* Assets.xcassets */ = {isa = PBXFileReference; lastKnownFileType = folder.assetcatalog; path = Assets.xcassets; sourceTree = "<group>"; };
		04811E4A240745B200997C9C /* Base */ = {isa = PBXFileReference; lastKnownFileType = file.storyboard; name = Base; path = Base.lproj/LaunchScreen.storyboard; sourceTree = "<group>"; };
		04811E4C240745B200997C9C /* Info.plist */ = {isa = PBXFileReference; lastKnownFileType = text.plist.xml; path = Info.plist; sourceTree = "<group>"; };
		04D88815241ACA81007FDCDF /* Cliente.swift */ = {isa = PBXFileReference; lastKnownFileType = sourcecode.swift; path = Cliente.swift; sourceTree = "<group>"; };
		04D8881F241ACDEE007FDCDF /* RegisterController.swift */ = {isa = PBXFileReference; lastKnownFileType = sourcecode.swift; path = RegisterController.swift; sourceTree = "<group>"; };
		04D88821241AD2D5007FDCDF /* InicioController.swift */ = {isa = PBXFileReference; lastKnownFileType = sourcecode.swift; path = InicioController.swift; sourceTree = "<group>"; };
/* End PBXFileReference section */

/* Begin PBXFrameworksBuildPhase section */
		04811E38240745B100997C9C /* Frameworks */ = {
			isa = PBXFrameworksBuildPhase;
			buildActionMask = 2147483647;
			files = (
				045E87172411D362009D4A34 /* libsqlite3.tbd in Frameworks */,
			);
			runOnlyForDeploymentPostprocessing = 0;
		};
/* End PBXFrameworksBuildPhase section */

/* Begin PBXGroup section */
		045E87152411D356009D4A34 /* Frameworks */ = {
			isa = PBXGroup;
			children = (
				045E87162411D356009D4A34 /* libsqlite3.tbd */,
			);
			name = Frameworks;
			sourceTree = "<group>";
		};
		045E87182411D56E009D4A34 /* fmdb */ = {
			isa = PBXGroup;
			children = (
				045E871A2411D5FE009D4A34 /* FMDatabase.h */,
				045E87212411D5FE009D4A34 /* FMDatabase.m */,
				045E871B2411D5FE009D4A34 /* FMDatabaseAdditions.h */,
				045E87252411D5FE009D4A34 /* FMDatabaseAdditions.m */,
				045E87222411D5FE009D4A34 /* FMDatabasePool.h */,
				045E871C2411D5FE009D4A34 /* FMDatabasePool.m */,
				045E871D2411D5FE009D4A34 /* FMDatabaseQueue.h */,
				045E87242411D5FE009D4A34 /* FMDatabaseQueue.m */,
				045E871F2411D5FE009D4A34 /* FMDB.h */,
				045E871E2411D5FE009D4A34 /* FMResultSet.h */,
				045E87202411D5FE009D4A34 /* FMResultSet.m */,
				045E87232411D5FE009D4A34 /* Info.plist */,
				045E87192411D5FD009D4A34 /* Montecristo_club-Bridging-Header.h */,
			);
			path = fmdb;
			sourceTree = "<group>";
		};
		04811E32240745B100997C9C = {
			isa = PBXGroup;
			children = (
				04811E3D240745B100997C9C /* Montecristo_club */,
				04811E3C240745B100997C9C /* Products */,
				045E87152411D356009D4A34 /* Frameworks */,
			);
			sourceTree = "<group>";
		};
		04811E3C240745B100997C9C /* Products */ = {
			isa = PBXGroup;
			children = (
				04811E3B240745B100997C9C /* Montecristo_club.app */,
			);
			name = Products;
			sourceTree = "<group>";
		};
		04811E3D240745B100997C9C /* Montecristo_club */ = {
			isa = PBXGroup;
			children = (
				045E87182411D56E009D4A34 /* fmdb */,
				045E87112411C111009D4A34 /* DB_Montecristo.db */,
				04811E3E240745B100997C9C /* AppDelegate.swift */,
				04811E40240745B100997C9C /* SceneDelegate.swift */,
				04811E42240745B100997C9C /* ViewController.swift */,
				04811E44240745B100997C9C /* Main.storyboard */,
				04811E47240745B200997C9C /* Assets.xcassets */,
				04811E49240745B200997C9C /* LaunchScreen.storyboard */,
				04811E4C240745B200997C9C /* Info.plist */,
				045E87132411D24A009D4A34 /* Manager.swift */,
				04D88815241ACA81007FDCDF /* Cliente.swift */,
				04D8881F241ACDEE007FDCDF /* RegisterController.swift */,
				04D88821241AD2D5007FDCDF /* InicioController.swift */,
			);
			path = Montecristo_club;
			sourceTree = "<group>";
		};
/* End PBXGroup section */

/* Begin PBXNativeTarget section */
		04811E3A240745B100997C9C /* Montecristo_club */ = {
			isa = PBXNativeTarget;
			buildConfigurationList = 04811E4F240745B200997C9C /* Build configuration list for PBXNativeTarget "Montecristo_club" */;
			buildPhases = (
				04811E37240745B100997C9C /* Sources */,
				04811E38240745B100997C9C /* Frameworks */,
				04811E39240745B100997C9C /* Resources */,
			);
			buildRules = (
			);
			dependencies = (
			);
			name = Montecristo_club;
			productName = Montecristo_club;
			productReference = 04811E3B240745B100997C9C /* Montecristo_club.app */;
			productType = "com.apple.product-type.application";
		};
/* End PBXNativeTarget section */

/* Begin PBXProject section */
		04811E33240745B100997C9C /* Project object */ = {
			isa = PBXProject;
			attributes = {
				LastSwiftUpdateCheck = 1130;
				LastUpgradeCheck = 1130;
				ORGANIZATIONNAME = html;
				TargetAttributes = {
					04811E3A240745B100997C9C = {
						CreatedOnToolsVersion = 11.3.1;
						LastSwiftMigration = 1130;
					};
				};
			};
			buildConfigurationList = 04811E36240745B100997C9C /* Build configuration list for PBXProject "Montecristo_club" */;
			compatibilityVersion = "Xcode 9.3";
			developmentRegion = en;
			hasScannedForEncodings = 0;
			knownRegions = (
				en,
				Base,
			);
			mainGroup = 04811E32240745B100997C9C;
			productRefGroup = 04811E3C240745B100997C9C /* Products */;
			projectDirPath = "";
			projectRoot = "";
			targets = (
				04811E3A240745B100997C9C /* Montecristo_club */,
			);
		};
/* End PBXProject section */

/* Begin PBXResourcesBuildPhase section */
		04811E39240745B100997C9C /* Resources */ = {
			isa = PBXResourcesBuildPhase;
			buildActionMask = 2147483647;
			files = (
				04811E4B240745B200997C9C /* LaunchScreen.storyboard in Resources */,
				045E87122411C111009D4A34 /* DB_Montecristo.db in Resources */,
				04811E48240745B200997C9C /* Assets.xcassets in Resources */,
				045E87292411D5FE009D4A34 /* Info.plist in Resources */,
				04811E46240745B100997C9C /* Main.storyboard in Resources */,
			);
			runOnlyForDeploymentPostprocessing = 0;
		};
/* End PBXResourcesBuildPhase section */

/* Begin PBXSourcesBuildPhase section */
		04811E37240745B100997C9C /* Sources */ = {
			isa = PBXSourcesBuildPhase;
			buildActionMask = 2147483647;
			files = (
				04D88822241AD2D5007FDCDF /* InicioController.swift in Sources */,
				045E87272411D5FE009D4A34 /* FMResultSet.m in Sources */,
				045E872A2411D5FE009D4A34 /* FMDatabaseQueue.m in Sources */,
				04D88820241ACDEE007FDCDF /* RegisterController.swift in Sources */,
				04811E43240745B100997C9C /* ViewController.swift in Sources */,
				04811E3F240745B100997C9C /* AppDelegate.swift in Sources */,
				04D88816241ACA81007FDCDF /* Cliente.swift in Sources */,
				045E87282411D5FE009D4A34 /* FMDatabase.m in Sources */,
				045E872B2411D5FE009D4A34 /* FMDatabaseAdditions.m in Sources */,
				045E87262411D5FE009D4A34 /* FMDatabasePool.m in Sources */,
				04811E41240745B100997C9C /* SceneDelegate.swift in Sources */,
				045E87142411D24A009D4A34 /* Manager.swift in Sources */,
			);
			runOnlyForDeploymentPostprocessing = 0;
		};
/* End PBXSourcesBuildPhase section */

/* Begin PBXVariantGroup section */
		04811E44240745B100997C9C /* Main.storyboard */ = {
			isa = PBXVariantGroup;
			children = (
				04811E45240745B100997C9C /* Base */,
			);
			name = Main.storyboard;
			sourceTree = "<group>";
		};
		04811E49240745B200997C9C /* LaunchScreen.storyboard */ = {
			isa = PBXVariantGroup;
			children = (
				04811E4A240745B200997C9C /* Base */,
			);
			name = LaunchScreen.storyboard;
			sourceTree = "<group>";
		};
/* End PBXVariantGroup section */

/* Begin XCBuildConfiguration section */
		04811E4D240745B200997C9C /* Debug */ = {
			isa = XCBuildConfiguration;
			buildSettings = {
				ALWAYS_SEARCH_USER_PATHS = NO;
				CLANG_ANALYZER_NONNULL = YES;
				CLANG_ANALYZER_NUMBER_OBJECT_CONVERSION = YES_AGGRESSIVE;
				CLANG_CXX_LANGUAGE_STANDARD = "gnu++14";
				CLANG_CXX_LIBRARY = "libc++";
				CLANG_ENABLE_MODULES = YES;
				CLANG_ENABLE_OBJC_ARC = YES;
				CLANG_ENABLE_OBJC_WEAK = YES;
				CLANG_WARN_BLOCK_CAPTURE_AUTORELEASING = YES;
				CLANG_WARN_BOOL_CONVERSION = YES;
				CLANG_WARN_COMMA = YES;
				CLANG_WARN_CONSTANT_CONVERSION = YES;
				CLANG_WARN_DEPRECATED_OBJC_IMPLEMENTATIONS = YES;
				CLANG_WARN_DIRECT_OBJC_ISA_USAGE = YES_ERROR;
				CLANG_WARN_DOCUMENTATION_COMMENTS = YES;
				CLANG_WARN_EMPTY_BODY = YES;
				CLANG_WARN_ENUM_CONVERSION = YES;
				CLANG_WARN_INFINITE_RECURSION = YES;
				CLANG_WARN_INT_CONVERSION = YES;
				CLANG_WARN_NON_LITERAL_NULL_CONVERSION = YES;
				CLANG_WARN_OBJC_IMPLICIT_RETAIN_SELF = YES;
				CLANG_WARN_OBJC_LITERAL_CONVERSION = YES;
				CLANG_WARN_OBJC_ROOT_CLASS = YES_ERROR;
				CLANG_WARN_RANGE_LOOP_ANALYSIS = YES;
				CLANG_WARN_STRICT_PROTOTYPES = YES;
				CLANG_WARN_SUSPICIOUS_MOVE = YES;
				CLANG_WARN_UNGUARDED_AVAILABILITY = YES_AGGRESSIVE;
				CLANG_WARN_UNREACHABLE_CODE = YES;
				CLANG_WARN__DUPLICATE_METHOD_MATCH = YES;
				COPY_PHASE_STRIP = NO;
				DEBUG_INFORMATION_FORMAT = dwarf;
				ENABLE_STRICT_OBJC_MSGSEND = YES;
				ENABLE_TESTABILITY = YES;
				GCC_C_LANGUAGE_STANDARD = gnu11;
				GCC_DYNAMIC_NO_PIC = NO;
				GCC_NO_COMMON_BLOCKS = YES;
				GCC_OPTIMIZATION_LEVEL = 0;
				GCC_PREPROCESSOR_DEFINITIONS = (
					"DEBUG=1",
					"$(inherited)",
				);
				GCC_WARN_64_TO_32_BIT_CONVERSION = YES;
				GCC_WARN_ABOUT_RETURN_TYPE = YES_ERROR;
				GCC_WARN_UNDECLARED_SELECTOR = YES;
				GCC_WARN_UNINITIALIZED_AUTOS = YES_AGGRESSIVE;
				GCC_WARN_UNUSED_FUNCTION = YES;
				GCC_WARN_UNUSED_VARIABLE = YES;
				IPHONEOS_DEPLOYMENT_TARGET = 13.2;
				MTL_ENABLE_DEBUG_INFO = INCLUDE_SOURCE;
				MTL_FAST_MATH = YES;
				ONLY_ACTIVE_ARCH = YES;
				SDKROOT = iphoneos;
				SWIFT_ACTIVE_COMPILATION_CONDITIONS = DEBUG;
				SWIFT_OPTIMIZATION_LEVEL = "-Onone";
			};
			name = Debug;
		};
		04811E4E240745B200997C9C /* Release */ = {
			isa = XCBuildConfiguration;
			buildSettings = {
				ALWAYS_SEARCH_USER_PATHS = NO;
				CLANG_ANALYZER_NONNULL = YES;
				CLANG_ANALYZER_NUMBER_OBJECT_CONVERSION = YES_AGGRESSIVE;
				CLANG_CXX_LANGUAGE_STANDARD = "gnu++14";
				CLANG_CXX_LIBRARY = "libc++";
				CLANG_ENABLE_MODULES = YES;
				CLANG_ENABLE_OBJC_ARC = YES;
				CLANG_ENABLE_OBJC_WEAK = YES;
				CLANG_WARN_BLOCK_CAPTURE_AUTORELEASING = YES;
				CLANG_WARN_BOOL_CONVERSION = YES;
				CLANG_WARN_COMMA = YES;
				CLANG_WARN_CONSTANT_CONVERSION = YES;
				CLANG_WARN_DEPRECATED_OBJC_IMPLEMENTATIONS = YES;
				CLANG_WARN_DIRECT_OBJC_ISA_USAGE = YES_ERROR;
				CLANG_WARN_DOCUMENTATION_COMMENTS = YES;
				CLANG_WARN_EMPTY_BODY = YES;
				CLANG_WARN_ENUM_CONVERSION = YES;
				CLANG_WARN_INFINITE_RECURSION = YES;
				CLANG_WARN_INT_CONVERSION = YES;
				CLANG_WARN_NON_LITERAL_NULL_CONVERSION = YES;
				CLANG_WARN_OBJC_IMPLICIT_RETAIN_SELF = YES;
				CLANG_WARN_OBJC_LITERAL_CONVERSION = YES;
				CLANG_WARN_OBJC_ROOT_CLASS = YES_ERROR;
				CLANG_WARN_RANGE_LOOP_ANALYSIS = YES;
				CLANG_WARN_STRICT_PROTOTYPES = YES;
				CLANG_WARN_SUSPICIOUS_MOVE = YES;
				CLANG_WARN_UNGUARDED_AVAILABILITY = YES_AGGRESSIVE;
				CLANG_WARN_UNREACHABLE_CODE = YES;
				CLANG_WARN__DUPLICATE_METHOD_MATCH = YES;
				COPY_PHASE_STRIP = NO;
				DEBUG_INFORMATION_FORMAT = "dwarf-with-dsym";
				ENABLE_NS_ASSERTIONS = NO;
				ENABLE_STRICT_OBJC_MSGSEND = YES;
				GCC_C_LANGUAGE_STANDARD = gnu11;
				GCC_NO_COMMON_BLOCKS = YES;
				GCC_WARN_64_TO_32_BIT_CONVERSION = YES;
				GCC_WARN_ABOUT_RETURN_TYPE = YES_ERROR;
				GCC_WARN_UNDECLARED_SELECTOR = YES;
				GCC_WARN_UNINITIALIZED_AUTOS = YES_AGGRESSIVE;
				GCC_WARN_UNUSED_FUNCTION = YES;
				GCC_WARN_UNUSED_VARIABLE = YES;
				IPHONEOS_DEPLOYMENT_TARGET = 13.2;
				MTL_ENABLE_DEBUG_INFO = NO;
				MTL_FAST_MATH = YES;
				SDKROOT = iphoneos;
				SWIFT_COMPILATION_MODE = wholemodule;
				SWIFT_OPTIMIZATION_LEVEL = "-O";
				VALIDATE_PRODUCT = YES;
			};
			name = Release;
		};
		04811E50240745B200997C9C /* Debug */ = {
			isa = XCBuildConfiguration;
			buildSettings = {
				ASSETCATALOG_COMPILER_APPICON_NAME = AppIcon;
				CLANG_ENABLE_MODULES = YES;
				CODE_SIGN_STYLE = Automatic;
				DEVELOPMENT_TEAM = N45PFWQS5Q;
				INFOPLIST_FILE = Montecristo_club/Info.plist;
				IPHONEOS_DEPLOYMENT_TARGET = 13.0;
				LD_RUNPATH_SEARCH_PATHS = (
					"$(inherited)",
					"@executable_path/Frameworks",
				);
				PRODUCT_BUNDLE_IDENTIFIER = "com.aplimovil.Montecristo-club";
				PRODUCT_NAME = "$(TARGET_NAME)";
				SWIFT_OBJC_BRIDGING_HEADER = "Montecristo_club/fmdb/Montecristo_club-Bridging-Header.h";
				SWIFT_OPTIMIZATION_LEVEL = "-Onone";
				SWIFT_VERSION = 5.0;
				TARGETED_DEVICE_FAMILY = "1,2";
			};
			name = Debug;
		};
		04811E51240745B200997C9C /* Release */ = {
			isa = XCBuildConfiguration;
			buildSettings = {
				ASSETCATALOG_COMPILER_APPICON_NAME = AppIcon;
				CLANG_ENABLE_MODULES = YES;
				CODE_SIGN_STYLE = Automatic;
				DEVELOPMENT_TEAM = N45PFWQS5Q;
				INFOPLIST_FILE = Montecristo_club/Info.plist;
				IPHONEOS_DEPLOYMENT_TARGET = 13.0;
				LD_RUNPATH_SEARCH_PATHS = (
					"$(inherited)",
					"@executable_path/Frameworks",
				);
				PRODUCT_BUNDLE_IDENTIFIER = "com.aplimovil.Montecristo-club";
				PRODUCT_NAME = "$(TARGET_NAME)";
				SWIFT_OBJC_BRIDGING_HEADER = "Montecristo_club/fmdb/Montecristo_club-Bridging-Header.h";
				SWIFT_VERSION = 5.0;
				TARGETED_DEVICE_FAMILY = "1,2";
			};
			name = Release;
		};
/* End XCBuildConfiguration section */

/* Begin XCConfigurationList section */
		04811E36240745B100997C9C /* Build configuration list for PBXProject "Montecristo_club" */ = {
			isa = XCConfigurationList;
			buildConfigurations = (
				04811E4D240745B200997C9C /* Debug */,
				04811E4E240745B200997C9C /* Release */,
			);
			defaultConfigurationIsVisible = 0;
			defaultConfigurationName = Release;
		};
		04811E4F240745B200997C9C /* Build configuration list for PBXNativeTarget "Montecristo_club" */ = {
			isa = XCConfigurationList;
			buildConfigurations = (
				04811E50240745B200997C9C /* Debug */,
				04811E51240745B200997C9C /* Release */,
			);
			defaultConfigurationIsVisible = 0;
			defaultConfigurationName = Release;
		};
/* End XCConfigurationList section */
	};
	rootObject = 04811E33240745B100997C9C /* Project object */;
}
